
Microsoft Visual Studio Solution File, Format Version 12.00
# Visual Studio 2013
VisualStudioVersion = 12.0.31101.0
MinimumVisualStudioVersion = 10.0.40219.1
Project("{FAE04EC0-301F-11D3-BF4B-00C04F79EFBC}") = "Burkina.Donations.Domain", "Burkina.Donations.Domain\Burkina.Donations.Domain.csproj", "{EAF74C0C-67DC-4AF9-81FA-E562D2A7FDF7}"
EndProject
Project("{FAE04EC0-301F-11D3-BF4B-00C04F79EFBC}") = "Burkina.Donations.Web", "Burkina.Donations.Web\Burkina.Donations.Web.csproj", "{7B9890F8-7590-4DE3-98FE-DE0853AA49A5}"
EndProject
Project("{FAE04EC0-301F-11D3-BF4B-00C04F79EFBC}") = "Burkina.Donations.Test", "Burkina.Donations.Test\Burkina.Donations.Test.csproj", "{B296E038-9B74-4ABD-A988-9363A7D40768}"
EndProject
Global
	GlobalSection(SolutionConfigurationPlatforms) = preSolution
		Debug|Any CPU = Debug|Any CPU
		Release|Any CPU = Release|Any CPU
	EndGlobalSection
	GlobalSection(ProjectConfigurationPlatforms) = postSolution
		{EAF74C0C-67DC-4AF9-81FA-E562D2A7FDF7}.Debug|Any CPU.ActiveCfg = Debug|Any CPU
		{EAF74C0C-67DC-4AF9-81FA-E562D2A7FDF7}.Debug|Any CPU.Build.0 = Debug|Any CPU
		{EAF74C0C-67DC-4AF9-81FA-E562D2A7FDF7}.Release|Any CPU.ActiveCfg = Release|Any CPU
		{EAF74C0C-67DC-4AF9-81FA-E562D2A7FDF7}.Release|Any CPU.Build.0 = Release|Any CPU
		{7B9890F8-7590-4DE3-98FE-DE0853AA49A5}.Debug|Any CPU.ActiveCfg = Debug|Any CPU
		{7B9890F8-7590-4DE3-98FE-DE0853AA49A5}.Debug|Any CPU.Build.0 = Debug|Any CPU
		{7B9890F8-7590-4DE3-98FE-DE0853AA49A5}.Release|Any CPU.ActiveCfg = Release|Any CPU
		{7B9890F8-7590-4DE3-98FE-DE0853AA49A5}.Release|Any CPU.Build.0 = Release|Any CPU
		{B296E038-9B74-4ABD-A988-9363A7D40768}.Debug|Any CPU.ActiveCfg = Debug|Any CPU
		{B296E038-9B74-4ABD-A988-9363A7D40768}.Debug|Any CPU.Build.0 = Debug|Any CPU
		{B296E038-9B74-4ABD-A988-9363A7D40768}.Release|Any CPU.ActiveCfg = Release|Any CPU
		{B296E038-9B74-4ABD-A988-9363A7D40768}.Release|Any CPU.Build.0 = Release|Any CPU
	EndGlobalSection
	GlobalSection(SolutionProperties) = preSolution
		HideSolutionNode = FALSE
	EndGlobalSection
EndGlobal
